Placeholder: Output of terraform plan
docker_image.nginx_image: Refreshing state... [id=sha256:d5f28ef21aabddd098f3dbc21fe5b7a7d7a184720bc07da0b6c9b9820e97f25enginx:latest]
docker_container.nginx_container: Refreshing state... [id=abfa3aaed8c198da0463fb545b8e1385ad20c805b4702d5033622b48684ab14c]

Terraform used the selected providers to generate the following execution plan. Resource actions are indicated with the following symbols:  
-/+ destroy and then create replacement

Terraform will perform the following actions:

  # docker_container.nginx_container must be replaced
-/+ resource "docker_container" "nginx_container" {
      + bridge                                      = (known after apply)
      ~ command                                     = [
          - "nginx",
          - "-g",
          - "daemon off;",
        ] -> (known after apply)
      + container_logs                              = (known after apply)
      - cpu_shares                                  = 0 -> null
      - dns                                         = [] -> null
      - dns_opts                                    = [] -> null
      - dns_search                                  = [] -> null
      ~ entrypoint                                  = [
          - "/docker-entrypoint.sh",
        ] -> (known after apply)
      ~ env                                         = [] -> (known after apply)
      + exit_code                                   = (known after apply)
      - group_add                                   = [] -> null
      ~ hostname                                    = "abfa3aaed8c1" -> (known after apply)
      ~ id                                          = "abfa3aaed8c198da0463fb545b8e1385ad20c805b4702d5033622b48684ab14c" -> (known after apply)
      ~ init                                        = false -> (known after apply)
      ~ ipc_mode                                    = "private" -> (known after apply)
      ~ log_driver                                  = "json-file" -> (known after apply)
      - log_opts                                    = {} -> null
      - max_retry_count                             = 0 -> null
      - memory                                      = 0 -> null
      - memory_swap                                 = 0 -> null
        name                                        = "nginx_container"
      ~ network_data                                = [
          - {
              - gateway                   = "172.17.0.1"
              - global_ipv6_prefix_length = 0
              - ip_address                = "172.17.0.2"
              - ip_prefix_length          = 16
              - mac_address               = "7e:4c:4e:ba:85:03"
              - network_name              = "bridge"
                # (2 unchanged attributes hidden)
            },
        ] -> (known after apply)
      - privileged                                  = false -> null
      - publish_all_ports                           = false -> null
      ~ runtime                                     = "runc" -> (known after apply)
      ~ security_opts                               = [] -> (known after apply)
      ~ shm_size                                    = 64 -> (known after apply)
      ~ stop_signal                                 = "SIGQUIT" -> (known after apply)
      ~ stop_timeout                                = 0 -> (known after apply)
      - storage_opts                                = {} -> null
      - sysctls                                     = {} -> null
      - tmpfs                                       = {} -> null
        # (21 unchanged attributes hidden)

      ~ healthcheck (known after apply)

      ~ labels (known after apply)

      ~ ports {
          ~ external = 8081 -> 8082 # forces replacement
            # (3 unchanged attributes hidden)
        }
    }

Plan: 1 to add, 0 to change, 1 to destroy.
